
Microsoft Visual Studio Solution File, Format Version 12.00
# Visual Studio 15
VisualStudioVersion = 15.0.28010.2026
MinimumVisualStudioVersion = 10.0.40219.1
Project("{9A19103F-16F7-4668-BE54-9A1E7A4F7556}") = "RentableItems.Pn", "RentableItems.Pn\RentableItems.Pn.csproj", "{0AEEC436-87DF-4C45-9A3D-41CC8E7D5E12}"
EndProject
Project("{2150E333-8FDC-42A3-9474-1A3956D46DE8}") = "DevOps", "DevOps", "{CE038391-1A6B-4AAC-B470-2CED08E085BA}"
	ProjectSection(SolutionItems) = preProject
		CodeCoverage.runsettings = CodeCoverage.runsettings
		TestSettings.runsettings = TestSettings.runsettings
	EndProjectSection
EndProject
Project("{2150E333-8FDC-42A3-9474-1A3956D46DE8}") = "Tests", "Tests", "{2B0139A9-F002-4511-9797-ACF06AC9E7CC}"
EndProject
Project("{FAE04EC0-301F-11D3-BF4B-00C04F79EFBC}") = "RentableItems.Pn.Tests", "RentableItems.Pn.Tests\RentableItems.Pn.Tests.csproj", "{FE2DAE9E-87F7-484B-8562-DA1A7086B34C}"
EndProject
Global
	GlobalSection(SolutionConfigurationPlatforms) = preSolution
		Debug|Any CPU = Debug|Any CPU
		Release|Any CPU = Release|Any CPU
	EndGlobalSection
	GlobalSection(ProjectConfigurationPlatforms) = postSolution
		{0AEEC436-87DF-4C45-9A3D-41CC8E7D5E12}.Debug|Any CPU.ActiveCfg = Debug|Any CPU
		{0AEEC436-87DF-4C45-9A3D-41CC8E7D5E12}.Debug|Any CPU.Build.0 = Debug|Any CPU
		{0AEEC436-87DF-4C45-9A3D-41CC8E7D5E12}.Release|Any CPU.ActiveCfg = Release|Any CPU
		{0AEEC436-87DF-4C45-9A3D-41CC8E7D5E12}.Release|Any CPU.Build.0 = Release|Any CPU
		{FE2DAE9E-87F7-484B-8562-DA1A7086B34C}.Debug|Any CPU.ActiveCfg = Debug|Any CPU
		{FE2DAE9E-87F7-484B-8562-DA1A7086B34C}.Debug|Any CPU.Build.0 = Debug|Any CPU
		{FE2DAE9E-87F7-484B-8562-DA1A7086B34C}.Release|Any CPU.ActiveCfg = Release|Any CPU
		{FE2DAE9E-87F7-484B-8562-DA1A7086B34C}.Release|Any CPU.Build.0 = Release|Any CPU
	EndGlobalSection
	GlobalSection(SolutionProperties) = preSolution
		HideSolutionNode = FALSE
	EndGlobalSection
	GlobalSection(NestedProjects) = preSolution
		{FE2DAE9E-87F7-484B-8562-DA1A7086B34C} = {2B0139A9-F002-4511-9797-ACF06AC9E7CC}
	EndGlobalSection
	GlobalSection(ExtensibilityGlobals) = postSolution
		SolutionGuid = {85041E75-3640-4936-AFCB-535731C8B439}
	EndGlobalSection
EndGlobal
